<?xml version="1.0" encoding="UTF-8" standalone="yes" ?>
<CodeBlocks_project_file>
	<FileVersion major="1" minor="6" />
	<Project>
		<Option title="T-Clock-XPCalendar" />
		<Option pch_mode="2" />
		<Option compiler="msvc10" />
		<Build>
			<Target title="app">
				<Option output="Release/Win32/XPCalendar" prefix_auto="1" extension_auto="1" />
				<Option object_output=".obj/" />
				<Option type="0" />
				<Option compiler="msvc10" />
				<Compiler>
					<Add option="/MD" />
					<Add option="/GL" />
					<Add option="/Gy" />
					<Add option="/Ox" />
					<Add option="/DNDEBUG" />
				</Compiler>
				<Linker>
					<Add directory="Release/Win32" />
				</Linker>
			</Target>
			<Target title="app64">
				<Option output="Release/x64/XPCalendar" prefix_auto="1" extension_auto="1" />
				<Option object_output=".obj64/" />
				<Option type="0" />
				<Option compiler="microsoft_visual_c_2010_64bit" />
				<Compiler>
					<Add option="/MD" />
					<Add option="/GL" />
					<Add option="/Gy" />
					<Add option="/Ox" />
					<Add option="/DNDEBUG" />
				</Compiler>
				<Linker>
					<Add directory="Release/Win32" />
				</Linker>
			</Target>
			<Target title="app debug">
				<Option output="Debug/Win32/XPCalendar" prefix_auto="1" extension_auto="1" />
				<Option object_output=".obj/dbg/" />
				<Option type="0" />
				<Option compiler="msvc10" />
				<Compiler>
					<Add option="/MDd" />
					<Add option="/Zi" />
					<Add option="/D_DEBUG" />
				</Compiler>
				<Linker>
					<Add option="/DEBUG" />
					<Add directory="Debug/Win32" />
				</Linker>
			</Target>
			<Target title="app64 debug">
				<Option output="Debug/x64/XPCalendar" prefix_auto="1" extension_auto="1" />
				<Option object_output=".obj64/dbg/" />
				<Option type="0" />
				<Option compiler="microsoft_visual_c_2010_64bit" />
				<Compiler>
					<Add option="/MDd" />
					<Add option="/Zi" />
					<Add option="/D_DEBUG" />
				</Compiler>
				<Linker>
					<Add option="/DEBUG" />
					<Add directory="Debug/Win32" />
				</Linker>
			</Target>
		</Build>
		<VirtualTargets>
			<Add alias="debug" targets="app debug;app64 debug;" />
			<Add alias="release" targets="app;app64;" />
		</VirtualTargets>
		<Compiler>
			<Add option="/Wall" />
			<Add option="/wd4100" />
			<Add option="/wd4244" />
			<Add option="/wd4242" />
			<Add option="/w34101" />
			<Add option="/wd4668" />
			<Add option="/wd4820" />
			<Add option="/wd4255" />
			<Add option="/wd4711" />
			<Add option="/wd4710" />
			<Add option="/DWINVER=0x0501" />
			<Add option="/DTCLOCK_LIGHT" />
		</Compiler>
		<Linker>
			<Add library="user32" />
			<Add library="Advapi32" />
			<Add library="Comctl32" />
		</Linker>
		<Unit filename="Source/Calendar/DeskCalendar.c">
			<Option compilerVar="CC" />
		</Unit>
		<Unit filename="Source/Calendar/resource.h" />
		<Unit filename="Source/Calendar/resource.rc">
			<Option compilerVar="WINDRES" />
		</Unit>
		<Unit filename="Source/Clock/utl.c">
			<Option compilerVar="CC" />
		</Unit>
		<Extensions>
			<code_completion />
			<envvars />
			<debugger />
		</Extensions>
	</Project>
</CodeBlocks_project_file>
