<?xml version="1.0" encoding="UTF-8" standalone="yes" ?>
<CodeBlocks_project_file>
	<FileVersion major="1" minor="6" />
	<Project>
		<Option title="Calendar (gcc)" />
		<Option pch_mode="2" />
		<Option compiler="i686-w64-mingw32" />
		<Build>
			<Target title="release">
				<Option output="../../Release/misc/XPCalendar" prefix_auto="1" extension_auto="1" />
				<Option object_output="../.obj/gcc/" />
				<Option type="0" />
				<Option compiler="i686-w64-mingw32" />
				<Compiler>
					<Add option="-O3" />
					<Add option="-m32" />
					<Add option="-DNDEBUG" />
				</Compiler>
				<Linker>
					<Add option="-s" />
					<Add option="-m32" />
				</Linker>
			</Target>
			<Target title="debug">
				<Option output="../../Debug/misc/XPCalendar" prefix_auto="1" extension_auto="1" />
				<Option object_output="../.obj/gcc/dbg" />
				<Option type="0" />
				<Option compiler="i686-w64-mingw32" />
				<Compiler>
					<Add option="-m32" />
					<Add option="-Og" />
					<Add option="-g" />
					<Add option="-fno-omit-frame-pointer" />
					<Add option="-D_DEBUG" />
				</Compiler>
				<Linker>
					<Add option="-m32" />
				</Linker>
				<ExtraCommands>
					<Add after="objcopy --only-keep-debug ../../Debug/misc/XPCalendar.exe ../../Debug/misc/XPCalendar.dbg" />
					<Add after="objcopy --strip-debug --strip-unneeded --add-gnu-debuglink=../../Debug/misc/XPCalendar.dbg ../../Debug/misc/XPCalendar.exe" />
				</ExtraCommands>
			</Target>
		</Build>
		<Compiler>
			<Add option="-D_UNICODE -DUNICODE" />
			<Add option="-fno-ident" />
			<Add option="-Wall" />
			<Add option="-std=c99" />
			<Add option="-fvisibility=hidden" />
			<Add option="-D_POSIX=1" />
			<Add option="-D_POSIX_C_SOURCE=200112L" />
			<Add option="-D__STDC_FORMAT_MACROS" />
			<Add option="-D__USE_MINGW_ANSI_STDIO=0" />
			<Add option="-D__MINGW_USE_VC2005_COMPAT" />
			<Add option="-DWINVER=0x0501" />
			<Add option="-DPSAPI_VERSION=1" />
			<Add option="-DWIN2K_COMPAT" />
		</Compiler>
		<Linker>
			<Add option="-static" />
			<Add library="advapi32" />
			<Add library="shell32" />
			<Add library="user32" />
			<Add library="gdi32" />
			<Add library="psapi" />
			<Add library="comdlg32" />
			<Add library="comctl32" />
			<Add library="msimg32" />
		</Linker>
		<ExtraCommands>
			<Add before="../common/AutoVersion --git . ../common/version.h" />
		</ExtraCommands>
		<Unit filename="../Calendar/DeskCalendar.c">
			<Option compilerVar="CC" />
		</Unit>
		<Unit filename="../Calendar/resource.rc">
			<Option compilerVar="WINDRES" />
		</Unit>
		<Unit filename="../common/calendar.inc" />
		<Unit filename="../common/clock.c">
			<Option compilerVar="CC" />
		</Unit>
		<Unit filename="../common/clock.h" />
		<Unit filename="../common/control_extensions.c">
			<Option compilerVar="CC" />
		</Unit>
		<Unit filename="../common/control_extensions.h" />
		<Unit filename="../common/globals.h" />
		<Unit filename="../common/manifest.xml" />
		<Unit filename="../common/newapi.c">
			<Option compilerVar="CC" />
		</Unit>
		<Unit filename="../common/newapi.h" />
		<Unit filename="../common/resource.h" />
		<Unit filename="../common/utl.c">
			<Option compilerVar="CC" />
		</Unit>
		<Unit filename="../common/utl.h" />
		<Unit filename="../common/version.h" />
		<Unit filename="../common/win2k_compat.c">
			<Option compilerVar="CC" />
		</Unit>
		<Unit filename="../common/win2k_compat.h" />
		<Extensions>
			<code_completion />
			<envvars />
			<debugger />
		</Extensions>
	</Project>
</CodeBlocks_project_file>
