<?xml version="1.0" encoding="UTF-8" standalone="yes" ?>
<CodeBlocks_project_file>
	<FileVersion major="1" minor="6" />
	<Project>
		<Option title="Clock (msvc)" />
		<Option pch_mode="2" />
		<Option compiler="msvc10" />
		<Build>
			<Target title="release-32">
				<Option output="../../Release/Clock" prefix_auto="1" extension_auto="1" />
				<Option object_output="../.obj/msvc" />
				<Option type="0" />
				<Option compiler="msvc10" />
				<Compiler>
					<Add option="/MD /D_AFXDLL" />
					<Add option="/GL" />
					<Add option="/O2" />
					<Add option="/DNDEBUG" />
				</Compiler>
				<Linker>
					<Add option="/LTCG" />
				</Linker>
			</Target>
			<Target title="release-64">
				<Option output="../../Release/Clock64" prefix_auto="1" extension_auto="1" />
				<Option object_output="../.obj64/msvc" />
				<Option type="0" />
				<Option compiler="microsoft_visual_c_2010_64bit" />
				<Compiler>
					<Add option="/MD /D_AFXDLL" />
					<Add option="/GL" />
					<Add option="/O2" />
					<Add option="/DNDEBUG" />
				</Compiler>
				<Linker>
					<Add option="/LTCG" />
				</Linker>
			</Target>
			<Target title="debug-32">
				<Option output="../../Debug/Clock" prefix_auto="1" extension_auto="1" />
				<Option object_output="../.obj/msvc/dbg" />
				<Option type="0" />
				<Option compiler="msvc10" />
				<Compiler>
					<Add option="/MTd" />
					<Add option="/Zi" />
					<Add option="/D_DEBUG" />
				</Compiler>
				<Linker>
					<Add option="/debug" />
				</Linker>
			</Target>
			<Target title="debug-64">
				<Option output="../../Debug/Clock64" prefix_auto="1" extension_auto="1" />
				<Option object_output="../.obj64/msvc/dbg" />
				<Option type="0" />
				<Option compiler="microsoft_visual_c_2010_64bit" />
				<Compiler>
					<Add option="/MTd" />
					<Add option="/Zi" />
					<Add option="/D_DEBUG" />
				</Compiler>
				<Linker>
					<Add option="/debug" />
				</Linker>
			</Target>
		</Build>
		<VirtualTargets>
			<Add alias="debug" targets="debug-32;debug-64;" />
			<Add alias="release" targets="release-32;release-64;" />
		</VirtualTargets>
		<Compiler>
			<Add option="/D_UNICODE /DUNICODE" />
			<Add option="/W4" />
			<Add option="/wd4204" />
			<Add option="/wd4428" />
			<Add option="/DWINVER=0x0501" />
			<Add option="/DPSAPI_VERSION=1" />
		</Compiler>
		<Linker>
			<Add library="advapi32" />
			<Add library="shell32" />
			<Add library="user32" />
			<Add library="ole32" />
			<Add library="gdi32" />
			<Add library="psapi" />
			<Add library="comctl32" />
			<Add library="comdlg32" />
			<Add library="shlwapi" />
			<Add library="version" />
			<Add library="winmm" />
			<Add library="ws2_32" />
			<Add library="mpr" />
			<Add library="uuid" />
			<Add library="msimg32" />
			<Add library="dsound" />
			<Add library="wtsapi32" />
		</Linker>
		<ExtraCommands>
			<Add before="../common/AutoVersion --git . ../common/version.h" />
		</ExtraCommands>
		<Unit filename="../Clock/BounceWind.c">
			<Option compilerVar="CC" />
		</Unit>
		<Unit filename="../Clock/ExitWindows.c">
			<Option compilerVar="CC" />
		</Unit>
		<Unit filename="../Clock/PageHotKey.c">
			<Option compilerVar="CC" />
		</Unit>
		<Unit filename="../Clock/PageMisc.c">
			<Option compilerVar="CC" />
		</Unit>
		<Unit filename="../Clock/PageMouse.c">
			<Option compilerVar="CC" />
		</Unit>
		<Unit filename="../Clock/PageQuicky.c">
			<Option compilerVar="CC" />
		</Unit>
		<Unit filename="../Clock/PageQuickyMenu.c">
			<Option compilerVar="CC" />
		</Unit>
		<Unit filename="../Clock/SNTP.c">
			<Option compilerVar="CC" />
		</Unit>
		<Unit filename="../Clock/StopWatch.c">
			<Option compilerVar="CC" />
		</Unit>
		<Unit filename="../Clock/alarm.c">
			<Option compilerVar="CC" />
		</Unit>
		<Unit filename="../Clock/alarmday.c">
			<Option compilerVar="CC" />
		</Unit>
		<Unit filename="../Clock/main.c">
			<Option compilerVar="CC" />
		</Unit>
		<Unit filename="../Clock/menu.c">
			<Option compilerVar="CC" />
		</Unit>
		<Unit filename="../Clock/mouse.c">
			<Option compilerVar="CC" />
		</Unit>
		<Unit filename="../Clock/pageabout.c">
			<Option compilerVar="CC" />
		</Unit>
		<Unit filename="../Clock/pagealarm.c">
			<Option compilerVar="CC" />
		</Unit>
		<Unit filename="../Clock/pagecolor.c">
			<Option compilerVar="CC" />
		</Unit>
		<Unit filename="../Clock/pageformat.c">
			<Option compilerVar="CC" />
		</Unit>
		<Unit filename="../Clock/propsheet.c">
			<Option compilerVar="CC" />
		</Unit>
		<Unit filename="../Clock/settings.c">
			<Option compilerVar="CC" />
		</Unit>
		<Unit filename="../Clock/soundselect.c">
			<Option compilerVar="CC" />
		</Unit>
		<Unit filename="../Clock/tClock.rc">
			<Option compilerVar="WINDRES" />
		</Unit>
		<Unit filename="../Clock/tclock.h" />
		<Unit filename="../Clock/timer.c">
			<Option compilerVar="CC" />
		</Unit>
		<Unit filename="../Clock/version.rc">
			<Option compilerVar="WINDRES" />
			<Option target="release-32" />
			<Option target="debug-32" />
		</Unit>
		<Unit filename="../Clock/version64.rc">
			<Option compilerVar="WINDRES" />
			<Option target="release-64" />
			<Option target="debug-64" />
		</Unit>
		<Unit filename="../common/HaveSetTimePerms.c">
			<Option compilerVar="CC" />
		</Unit>
		<Unit filename="../common/calendar.inc" />
		<Unit filename="../common/clock.c">
			<Option compilerVar="CC" />
		</Unit>
		<Unit filename="../common/clock.h" />
		<Unit filename="../common/control_extensions.c">
			<Option compilerVar="CC" />
		</Unit>
		<Unit filename="../common/control_extensions.h" />
		<Unit filename="../common/globals.h" />
		<Unit filename="../common/manifest.xml" />
		<Unit filename="../common/newapi.c">
			<Option compilerVar="CC" />
		</Unit>
		<Unit filename="../common/newapi.h" />
		<Unit filename="../common/resource.h" />
		<Unit filename="../common/utl.c">
			<Option compilerVar="CC" />
		</Unit>
		<Unit filename="../common/utl.h" />
		<Unit filename="../common/utl_logging.h" />
		<Unit filename="../common/version.h" />
		<Unit filename="../common/win2k_compat.c">
			<Option compilerVar="CC" />
		</Unit>
		<Unit filename="../common/win2k_compat.h" />
		<Extensions>
			<code_completion />
			<envvars />
			<debugger />
		</Extensions>
	</Project>
</CodeBlocks_project_file>
