<?xml version="1.0" encoding="UTF-8" standalone="yes" ?>
<CodeBlocks_project_file>
	<FileVersion major="1" minor="6" />
	<Project>
		<Option title="T-Clock" />
		<Option pch_mode="2" />
		<Option default_target="app-64" />
		<Option compiler="msvc10" />
		<Build>
			<Target title="app">
				<Option output="../Release/Clock" prefix_auto="1" extension_auto="1" />
				<Option object_output=".obj/" />
				<Option type="0" />
				<Option compiler="msvc10" />
				<Compiler>
					<Add option="/MD" />
					<Add option="/GL" />
					<Add option="/O2" />
					<Add option="/DNDEBUG" />
				</Compiler>
				<Linker>
					<Add option="/LTCG" />
					<Add library="Psapi" />
					<Add library="ole32" />
					<Add library="Comdlg32" />
					<Add library="shlwapi" />
					<Add library="Version" />
					<Add library="comctl32" />
					<Add library="Winmm" />
					<Add library="Ws2_32" />
					<Add library="Mpr" />
				</Linker>
			</Target>
			<Target title="app-64">
				<Option output="../Release/Clock64" prefix_auto="1" extension_auto="1" />
				<Option object_output=".obj64/" />
				<Option type="0" />
				<Option compiler="microsoft_visual_c_2010_64bit" />
				<Compiler>
					<Add option="/MD" />
					<Add option="/GL" />
					<Add option="/O2" />
					<Add option="/DNDEBUG" />
				</Compiler>
				<Linker>
					<Add option="/LTCG" />
					<Add library="Psapi" />
					<Add library="ole32" />
					<Add library="Comdlg32" />
					<Add library="shlwapi" />
					<Add library="Version" />
					<Add library="comctl32" />
					<Add library="Winmm" />
					<Add library="Ws2_32" />
					<Add library="Mpr" />
				</Linker>
			</Target>
			<Target title="app debug">
				<Option output="../Debug/Clock" prefix_auto="1" extension_auto="1" />
				<Option object_output=".obj/dbg/" />
				<Option type="0" />
				<Option compiler="msvc10" />
				<Compiler>
					<Add option="/MDd" />
					<Add option="/Zi" />
					<Add option="/D_DEBUG" />
				</Compiler>
				<Linker>
					<Add option="/debug" />
					<Add library="Psapi" />
					<Add library="ole32" />
					<Add library="Comdlg32" />
					<Add library="shlwapi" />
					<Add library="Version" />
					<Add library="comctl32" />
					<Add library="Winmm" />
					<Add library="Ws2_32" />
					<Add library="Mpr" />
				</Linker>
			</Target>
			<Target title="app-64 debug">
				<Option output="../Debug/Clock64" prefix_auto="1" extension_auto="1" />
				<Option object_output=".obj64/dbg/" />
				<Option type="0" />
				<Option compiler="microsoft_visual_c_2010_64bit" />
				<Compiler>
					<Add option="/MDd" />
					<Add option="/Zi" />
					<Add option="/D_DEBUG" />
				</Compiler>
				<Linker>
					<Add option="/debug" />
					<Add library="Psapi" />
					<Add library="ole32" />
					<Add library="Comdlg32" />
					<Add library="shlwapi" />
					<Add library="Version" />
					<Add library="comctl32" />
					<Add library="Winmm" />
					<Add library="Ws2_32" />
					<Add library="Mpr" />
				</Linker>
			</Target>
			<Target title="dll">
				<Option output="../Release/misc/T-Clock" imp_lib="$(TARGET_OUTPUT_DIR)$(TARGET_OUTPUT_BASENAME).a" def_file="$(TARGET_OUTPUT_DIR)$(TARGET_OUTPUT_BASENAME).def" prefix_auto="1" extension_auto="1" />
				<Option object_output=".obj/" />
				<Option type="3" />
				<Option compiler="msvc10" />
				<Compiler>
					<Add option="/MD" />
					<Add option="/GL" />
					<Add option="/O2" />
					<Add option="/DNDEBUG" />
				</Compiler>
				<Linker>
					<Add option="/LTCG" />
					<Add option="/def:DLL\DLL.def" />
				</Linker>
			</Target>
			<Target title="dll-64">
				<Option output="../Release/misc/T-Clock64" imp_lib="$(TARGET_OUTPUT_DIR)$(TARGET_OUTPUT_BASENAME).a" def_file="$(TARGET_OUTPUT_DIR)$(TARGET_OUTPUT_BASENAME).def" prefix_auto="1" extension_auto="1" />
				<Option object_output=".obj64/" />
				<Option type="3" />
				<Option compiler="microsoft_visual_c_2010_64bit" />
				<Compiler>
					<Add option="/MD" />
					<Add option="/GL" />
					<Add option="/O2" />
					<Add option="/DNDEBUG" />
				</Compiler>
				<Linker>
					<Add option="/LTCG" />
					<Add option="/def:DLL\DLL.def" />
				</Linker>
			</Target>
			<Target title="dll debug">
				<Option output="../Debug/misc/T-Clock" imp_lib="$(TARGET_OUTPUT_DIR)$(TARGET_OUTPUT_BASENAME).a" def_file="$(TARGET_OUTPUT_DIR)$(TARGET_OUTPUT_BASENAME).def" prefix_auto="1" extension_auto="1" />
				<Option object_output=".obj/dbg/" />
				<Option type="3" />
				<Option compiler="msvc10" />
				<Compiler>
					<Add option="/MDd" />
					<Add option="/Zi" />
					<Add option="/D_DEBUG" />
				</Compiler>
				<Linker>
					<Add option="/debug" />
					<Add option="/def:DLL\DLL.def" />
				</Linker>
			</Target>
			<Target title="dll-64 debug">
				<Option output="../Debug/misc/T-Clock64" imp_lib="$(TARGET_OUTPUT_DIR)$(TARGET_OUTPUT_BASENAME).a" def_file="$(TARGET_OUTPUT_DIR)$(TARGET_OUTPUT_BASENAME).def" prefix_auto="1" extension_auto="1" />
				<Option object_output=".obj64/dbg/" />
				<Option type="3" />
				<Option compiler="microsoft_visual_c_2010_64bit" />
				<Compiler>
					<Add option="/MDd" />
					<Add option="/Zi" />
					<Add option="/D_DEBUG" />
				</Compiler>
				<Linker>
					<Add option="/debug" />
					<Add option="/def:DLL\DLL.def" />
				</Linker>
			</Target>
		</Build>
		<VirtualTargets>
			<Add alias="debug-32" targets="dll debug;app debug;" />
			<Add alias="debug-64" targets="dll-64 debug;app-64 debug;" />
			<Add alias="release" targets="app;app-64;dll-64;dll;" />
			<Add alias="release-32" targets="dll;app;" />
			<Add alias="release-64" targets="dll-64;app-64;" />
		</VirtualTargets>
		<Compiler>
			<Add option="/W4" />
		</Compiler>
		<Linker>
			<Add option="/pdb:$(TARGET_OUTPUT_DIR)$(TARGET_OUTPUT_BASENAME).pdb" />
			<Add library="Advapi32" />
			<Add library="user32" />
			<Add library="gdi32" />
			<Add library="shell32" />
			<Add library="Ole32" />
		</Linker>
		<ExtraCommands>
			<Add before="common/AutoVersion --git . common/version.h" />
		</ExtraCommands>
		<Unit filename="Clock/BounceWind.c">
			<Option compilerVar="CC" />
			<Option target="app" />
			<Option target="app debug" />
			<Option target="app-64" />
			<Option target="app-64 debug" />
		</Unit>
		<Unit filename="Clock/ExitWindows.c">
			<Option compilerVar="CC" />
			<Option target="app" />
			<Option target="app debug" />
			<Option target="app-64" />
			<Option target="app-64 debug" />
		</Unit>
		<Unit filename="Clock/GetSetTimePerms.c">
			<Option compilerVar="CC" />
			<Option target="app" />
			<Option target="app debug" />
			<Option target="app-64" />
			<Option target="app-64 debug" />
		</Unit>
		<Unit filename="Clock/PageHotKey.c">
			<Option compilerVar="CC" />
			<Option target="app" />
			<Option target="app debug" />
			<Option target="app-64" />
			<Option target="app-64 debug" />
		</Unit>
		<Unit filename="Clock/PageMisc.c">
			<Option compilerVar="CC" />
			<Option target="app" />
			<Option target="app debug" />
			<Option target="app-64" />
			<Option target="app-64 debug" />
		</Unit>
		<Unit filename="Clock/PageMouse.c">
			<Option compilerVar="CC" />
			<Option target="app" />
			<Option target="app debug" />
			<Option target="app-64" />
			<Option target="app-64 debug" />
		</Unit>
		<Unit filename="Clock/PageQuicky.c">
			<Option compilerVar="CC" />
			<Option target="app" />
			<Option target="app debug" />
			<Option target="app-64" />
			<Option target="app-64 debug" />
		</Unit>
		<Unit filename="Clock/PageQuickyMenu.c">
			<Option compilerVar="CC" />
			<Option target="app" />
			<Option target="app debug" />
			<Option target="app-64" />
			<Option target="app-64 debug" />
		</Unit>
		<Unit filename="Clock/SNTP.c">
			<Option compilerVar="CC" />
			<Option target="app" />
			<Option target="app debug" />
			<Option target="app-64" />
			<Option target="app-64 debug" />
		</Unit>
		<Unit filename="Clock/StopWatch.c">
			<Option compilerVar="CC" />
			<Option target="app" />
			<Option target="app debug" />
			<Option target="app-64" />
			<Option target="app-64 debug" />
		</Unit>
		<Unit filename="Clock/alarm.c">
			<Option compilerVar="CC" />
			<Option target="app" />
			<Option target="app debug" />
			<Option target="app-64" />
			<Option target="app-64 debug" />
		</Unit>
		<Unit filename="Clock/alarmday.c">
			<Option compilerVar="CC" />
			<Option target="app" />
			<Option target="app debug" />
			<Option target="app-64" />
			<Option target="app-64 debug" />
		</Unit>
		<Unit filename="Clock/guiddef.h">
			<Option target="app" />
			<Option target="app debug" />
			<Option target="app-64" />
			<Option target="app-64 debug" />
		</Unit>
		<Unit filename="Clock/main.c">
			<Option compilerVar="CC" />
			<Option target="app" />
			<Option target="app debug" />
			<Option target="app-64" />
			<Option target="app-64 debug" />
		</Unit>
		<Unit filename="Clock/menu.c">
			<Option compilerVar="CC" />
			<Option target="app" />
			<Option target="app debug" />
			<Option target="app-64" />
			<Option target="app-64 debug" />
		</Unit>
		<Unit filename="Clock/mouse.c">
			<Option compilerVar="CC" />
			<Option target="app" />
			<Option target="app debug" />
			<Option target="app-64" />
			<Option target="app-64 debug" />
		</Unit>
		<Unit filename="Clock/pageabout.c">
			<Option compilerVar="CC" />
			<Option target="app" />
			<Option target="app debug" />
			<Option target="app-64" />
			<Option target="app-64 debug" />
		</Unit>
		<Unit filename="Clock/pagealarm.c">
			<Option compilerVar="CC" />
			<Option target="app" />
			<Option target="app debug" />
			<Option target="app-64" />
			<Option target="app-64 debug" />
		</Unit>
		<Unit filename="Clock/pagecolor.c">
			<Option compilerVar="CC" />
			<Option target="app" />
			<Option target="app debug" />
			<Option target="app-64" />
			<Option target="app-64 debug" />
		</Unit>
		<Unit filename="Clock/pageformat.c">
			<Option compilerVar="CC" />
			<Option target="app" />
			<Option target="app debug" />
			<Option target="app-64" />
			<Option target="app-64 debug" />
		</Unit>
		<Unit filename="Clock/propsheet.c">
			<Option compilerVar="CC" />
			<Option target="app" />
			<Option target="app debug" />
			<Option target="app-64" />
			<Option target="app-64 debug" />
		</Unit>
		<Unit filename="Clock/settings.c">
			<Option compilerVar="CC" />
			<Option target="app" />
			<Option target="app debug" />
			<Option target="app-64" />
			<Option target="app-64 debug" />
		</Unit>
		<Unit filename="Clock/soundselect.c">
			<Option compilerVar="CC" />
			<Option target="app" />
			<Option target="app debug" />
			<Option target="app-64" />
			<Option target="app-64 debug" />
		</Unit>
		<Unit filename="Clock/tClock.rc">
			<Option compilerVar="WINDRES" />
			<Option target="app" />
			<Option target="app debug" />
			<Option target="app-64" />
			<Option target="app-64 debug" />
		</Unit>
		<Unit filename="Clock/tclock.h">
			<Option target="app" />
			<Option target="app debug" />
			<Option target="app-64" />
			<Option target="app-64 debug" />
		</Unit>
		<Unit filename="Clock/timer.c">
			<Option compilerVar="CC" />
			<Option target="app" />
			<Option target="app debug" />
			<Option target="app-64" />
			<Option target="app-64 debug" />
		</Unit>
		<Unit filename="Clock/version.rc">
			<Option compilerVar="WINDRES" />
			<Option target="app" />
			<Option target="app debug" />
		</Unit>
		<Unit filename="Clock/version64.rc">
			<Option compilerVar="WINDRES" />
			<Option target="app-64" />
			<Option target="app-64 debug" />
		</Unit>
		<Unit filename="DLL/DLL.def">
			<Option target="dll" />
			<Option target="dll-64" />
			<Option target="dll debug" />
			<Option target="dll-64 debug" />
		</Unit>
		<Unit filename="DLL/Tclock.c">
			<Option compilerVar="CC" />
			<Option target="dll" />
			<Option target="dll debug" />
			<Option target="dll-64" />
			<Option target="dll-64 debug" />
		</Unit>
		<Unit filename="DLL/font.c">
			<Option compilerVar="CC" />
			<Option target="dll" />
			<Option target="dll debug" />
			<Option target="dll-64" />
			<Option target="dll-64 debug" />
		</Unit>
		<Unit filename="DLL/format.c">
			<Option compilerVar="CC" />
			<Option target="dll" />
			<Option target="dll debug" />
			<Option target="dll-64" />
			<Option target="dll-64 debug" />
		</Unit>
		<Unit filename="DLL/main.c">
			<Option compilerVar="CC" />
			<Option target="dll debug" />
			<Option target="dll" />
			<Option target="dll-64" />
			<Option target="dll-64 debug" />
		</Unit>
		<Unit filename="DLL/tcdll.h">
			<Option target="dll" />
			<Option target="dll debug" />
			<Option target="dll-64" />
			<Option target="dll-64 debug" />
		</Unit>
		<Unit filename="DLL/version.rc">
			<Option compilerVar="WINDRES" />
			<Option target="dll" />
			<Option target="dll debug" />
		</Unit>
		<Unit filename="DLL/version64.rc">
			<Option compilerVar="WINDRES" />
			<Option target="dll-64" />
			<Option target="dll-64 debug" />
		</Unit>
		<Unit filename="common/globals.h" />
		<Unit filename="common/manifest.xml" />
		<Unit filename="common/newapi.c">
			<Option compilerVar="CC" />
		</Unit>
		<Unit filename="common/newapi.h" />
		<Unit filename="common/resource.h" />
		<Unit filename="common/tcolor.c">
			<Option compilerVar="CC" />
		</Unit>
		<Unit filename="common/tcolor.h" />
		<Unit filename="common/utl.c">
			<Option compilerVar="CC" />
		</Unit>
		<Unit filename="common/utl.h" />
		<Unit filename="common/version.h" />
		<Extensions>
			<code_completion />
			<envvars />
			<debugger />
		</Extensions>
	</Project>
</CodeBlocks_project_file>
